
Microsoft Visual Studio Solution File, Format Version 12.00
# Visual Studio Version 16
VisualStudioVersion = 16.0.30907.101
MinimumVisualStudioVersion = 10.0.40219.1
Project("{FAE04EC0-301F-11D3-BF4B-00C04F79EFBC}") = "EntityAspProject", "EntityAspProject\EntityAspProject.csproj", "{AFF0D081-22D9-4FB8-B9D2-C2BB647AEC43}"
EndProject
Global
	GlobalSection(SolutionConfigurationPlatforms) = preSolution
		Debug|Any CPU = Debug|Any CPU
		Release|Any CPU = Release|Any CPU
	EndGlobalSection
	GlobalSection(ProjectConfigurationPlatforms) = postSolution
		{AFF0D081-22D9-4FB8-B9D2-C2BB647AEC43}.Debug|Any CPU.ActiveCfg = Debug|Any CPU
		{AFF0D081-22D9-4FB8-B9D2-C2BB647AEC43}.Debug|Any CPU.Build.0 = Debug|Any CPU
		{AFF0D081-22D9-4FB8-B9D2-C2BB647AEC43}.Release|Any CPU.ActiveCfg = Release|Any CPU
		{AFF0D081-22D9-4FB8-B9D2-C2BB647AEC43}.Release|Any CPU.Build.0 = Release|Any CPU
	EndGlobalSection
	GlobalSection(SolutionProperties) = preSolution
		HideSolutionNode = FALSE
	EndGlobalSection
	GlobalSection(ExtensibilityGlobals) = postSolution
		SolutionGuid = {DB072F80-5262-413C-9874-23A51EB597E9}
	EndGlobalSection
EndGlobal
